{
  "version": "2",
  "remote": {
    "https://deno.land/std@0.185.0/fmt/colors.ts": "d67e3cd9f472535241a8e410d33423980bec45047e343577554d3356e1f0ef4e",
    "https://deno.land/std@0.185.0/testing/_diff.ts": "1a3c044aedf77647d6cac86b798c6417603361b66b54c53331b312caeb447aea",
    "https://deno.land/std@0.185.0/testing/_format.ts": "a69126e8a469009adf4cf2a50af889aca364c349797e63174884a52ff75cf4c7",
    "https://deno.land/std@0.185.0/testing/asserts.ts": "e16d98b4d73ffc4ed498d717307a12500ae4f2cbe668f1a215632d19fcffc22f",
    "https://deno.land/x/testjs@v0.3.0/lib/assertions/not/not.ts": "4a9f96ce8d6002bd060dfec2328ec91bad84858123a31e4f3404942b821ccb16",
    "https://deno.land/x/testjs@v0.3.0/lib/assertions/to-almost-equal/to-almost-equal.ts": "affe0b887cc780c409cee528da538bb3979b2694a59d9435d840e1fca288bc5a",
    "https://deno.land/x/testjs@v0.3.0/lib/assertions/to-be-greater-than-or-equal/to-be-greater-than-or-equal.ts": "ed4b607d78475847f4e828771c381fd88e279de3f6ce5316808b4956b2a2b127",
    "https://deno.land/x/testjs@v0.3.0/lib/assertions/to-be-greater-than/to-be-greater-than.ts": "d79b70ab4e5310262b0ee2660b45ee86cf9f1f56f4c4b8a7683e70c6d61cc3a4",
    "https://deno.land/x/testjs@v0.3.0/lib/assertions/to-be-instance-of/to-be-instance-of.ts": "baa1cefb2365b417ab66946a53377e2d983333d7cae45a11682afef914c3610d",
    "https://deno.land/x/testjs@v0.3.0/lib/assertions/to-be-less-than-or-equal/to-be-less-than-or-equal.ts": "742e3d2649ca1dff1b83b3ba40e2b2811c130efb5b56cdff87ca6f1e219dbc2e",
    "https://deno.land/x/testjs@v0.3.0/lib/assertions/to-be-less-than/to-be-less-than.ts": "ba321d21e8df7e6ace6d2a372964287f9190ccb5b3b93c0d26034e9fe9c888ec",
    "https://deno.land/x/testjs@v0.3.0/lib/assertions/to-be/to-be.ts": "c29420919bd40ed93fe350f866234ddba60d02a1a3daea35dba9b6d5b1644c9a",
    "https://deno.land/x/testjs@v0.3.0/lib/assertions/to-contain-element/to-contain-element.ts": "efa1585fe9b9060ebbed3b030d34236ac5ad30222af55b76b9fde5aed1760f1a",
    "https://deno.land/x/testjs@v0.3.0/lib/assertions/to-contain-string/to-contain-string.ts": "06735a15257d9ad66dbe8c22f09d0c89efdc27b9c0f881d4e73ca25bb15d4311",
    "https://deno.land/x/testjs@v0.3.0/lib/assertions/to-equal/to-equal.ts": "bb752016e683169180d10bff15742c25459ee122d6c32aae0f5b1c221e740efc",
    "https://deno.land/x/testjs@v0.3.0/lib/assertions/to-exist/to-exist.ts": "acf49727f12b3fa697e639c15d18a8b6da519b3013c3e905aae3f7c36d861aed",
    "https://deno.land/x/testjs@v0.3.0/lib/assertions/to-match-object/to-match-object.ts": "b0f86b3787cad0d796cebbd8ca3f1872c36b96767ec1ef93533fdd0b99cb4e36",
    "https://deno.land/x/testjs@v0.3.0/lib/assertions/to-match/to-match.ts": "f963a11be3c302181ba4e63c67553d8c8f24679efd0a7676faf889c90636de87",
    "https://deno.land/x/testjs@v0.3.0/lib/assertions/to-reject/to-reject.ts": "0437ee0ab9500aefce680637fcbb1c9b0e8e7f238c6eee95fce7e7d54d90ed02",
    "https://deno.land/x/testjs@v0.3.0/lib/assertions/to-throw/to-throw.ts": "521d6c6cd745f1286de03b9de8341286ec24d59eb4093dfb1135bf9b2e32f2bf",
    "https://deno.land/x/testjs@v0.3.0/lib/assertions/use-deno-assertion/use-deno-assertion.ts": "7b403fe34fb230aefb4e9cefa7afaaa62cd85466f78d8c535da1a55311ecd553",
    "https://deno.land/x/testjs@v0.3.0/lib/deps.ts": "9ae0485ea6d16a78a1d6aacacd8409891550f824183ede00eb3d387f4376e3a9",
    "https://deno.land/x/testjs@v0.3.0/lib/expectation/expectation.ts": "31a6ba40001a1bf19ba43de6a3b37b8a872159dc5c5d164a6081c711dcf7121a",
    "https://deno.land/x/testjs@v0.3.0/lib/module/module.ts": "2ac5a617701f648d5a863e9c6ae15c5177a4fd6e3ee99c7e84f1a963be43d84a",
    "https://deno.land/x/testjs@v0.3.0/lib/package/package.ts": "fd153619007ed6ea8ee1309c514c31f4af972fb426e54e20f733823b49a91c18",
    "https://deno.land/x/testjs@v0.3.0/lib/run-tests/get-paths.ts": "7313d9005d8b99119b5493eb01debfbd833f2c3120d41ccfb715231ad8a8fc7e",
    "https://deno.land/x/testjs@v0.3.0/lib/run-tests/run-tests.ts": "74be3e7dc373bb8cdb690848b6b7c98762cbad211c3820a88df597a6f2fbdcdb",
    "https://deno.land/x/testjs@v0.3.0/lib/step/step.ts": "37463b8dd408b9da18d36be3ad349f662f5a2540ceaa31410ec18b3b3b5f3266",
    "https://deno.land/x/testjs@v0.3.0/lib/suite/suite.ts": "55277afbbfe45d78abe969710ba1f2d4d57c67d8fbd7937f05442638789c2a8e",
    "https://deno.land/x/testjs@v0.3.0/lib/types/test.types.ts": "5621f0a264918f3060a421135528940108907f70219399730e54fd80638e7d45",
    "https://deno.land/x/testjs@v0.3.0/lib/types/utils.types.ts": "bd9fbc6d0a982fcb82a43b437ba30021461f7d52defd833207c808e15683cedc",
    "https://deno.land/x/testjs@v0.3.0/lib/utils/constants.ts": "23880ee2290df5606c79ceef3e78d8c35e2d403ecc8094b7b017f4be69d65b75",
    "https://deno.land/x/testjs@v0.3.0/lib/utils/count.ts": "e00468e3de1a440843c7de5c61ada61682f74034bf5ae5d264894ca4b84e8b83",
    "https://deno.land/x/testjs@v0.3.0/lib/utils/finish.ts": "e22a13bc313d39d41da06c43cada8aa3d48c33ee08a1e5450125d2e137a2f082",
    "https://deno.land/x/testjs@v0.3.0/lib/utils/functions.ts": "876ce73422fdcc65cb1337fba7e1169a8bd52146e6eaa5910009b3e08f5f88f8",
    "https://deno.land/x/testjs@v0.3.0/lib/utils/passed.ts": "4173513050e1d8068483bba7064b74d52756dbd3abfad82813f6a697941db22d",
    "https://deno.land/x/testjs@v0.3.0/lib/utils/print.ts": "7a17141c263de4ce7ce9e8422eb4a7b9239fbe5c6fa45c54fab4e59597fb79bd",
    "https://deno.land/x/testjs@v0.3.0/lib/utils/time.ts": "99a17150786ae60439222e553c48bece51bd3a0d04b71bd9051391d523825b5f",
    "https://deno.land/x/testjs@v0.3.0/lib/utils/to-string.ts": "76e3ca166e377724cf812af51383309dd73c53c4e73adf961923e91fa3d53be3",
    "https://deno.land/x/testjs@v0.3.0/mod.ts": "fbc961ceebc5f917db4d45a579c1447325a201a3804d405926fe1e846fb16619",
    "https://deno.land/x/testjs@v0.3.1/lib/assertions/not/not.ts": "4a9f96ce8d6002bd060dfec2328ec91bad84858123a31e4f3404942b821ccb16",
    "https://deno.land/x/testjs@v0.3.1/lib/assertions/to-almost-equal/to-almost-equal.ts": "affe0b887cc780c409cee528da538bb3979b2694a59d9435d840e1fca288bc5a",
    "https://deno.land/x/testjs@v0.3.1/lib/assertions/to-be-greater-than-or-equal/to-be-greater-than-or-equal.ts": "ed4b607d78475847f4e828771c381fd88e279de3f6ce5316808b4956b2a2b127",
    "https://deno.land/x/testjs@v0.3.1/lib/assertions/to-be-greater-than/to-be-greater-than.ts": "d79b70ab4e5310262b0ee2660b45ee86cf9f1f56f4c4b8a7683e70c6d61cc3a4",
    "https://deno.land/x/testjs@v0.3.1/lib/assertions/to-be-instance-of/to-be-instance-of.ts": "baa1cefb2365b417ab66946a53377e2d983333d7cae45a11682afef914c3610d",
    "https://deno.land/x/testjs@v0.3.1/lib/assertions/to-be-less-than-or-equal/to-be-less-than-or-equal.ts": "742e3d2649ca1dff1b83b3ba40e2b2811c130efb5b56cdff87ca6f1e219dbc2e",
    "https://deno.land/x/testjs@v0.3.1/lib/assertions/to-be-less-than/to-be-less-than.ts": "ba321d21e8df7e6ace6d2a372964287f9190ccb5b3b93c0d26034e9fe9c888ec",
    "https://deno.land/x/testjs@v0.3.1/lib/assertions/to-be/to-be.ts": "c29420919bd40ed93fe350f866234ddba60d02a1a3daea35dba9b6d5b1644c9a",
    "https://deno.land/x/testjs@v0.3.1/lib/assertions/to-contain-element/to-contain-element.ts": "efa1585fe9b9060ebbed3b030d34236ac5ad30222af55b76b9fde5aed1760f1a",
    "https://deno.land/x/testjs@v0.3.1/lib/assertions/to-contain-string/to-contain-string.ts": "06735a15257d9ad66dbe8c22f09d0c89efdc27b9c0f881d4e73ca25bb15d4311",
    "https://deno.land/x/testjs@v0.3.1/lib/assertions/to-equal/to-equal.ts": "bb752016e683169180d10bff15742c25459ee122d6c32aae0f5b1c221e740efc",
    "https://deno.land/x/testjs@v0.3.1/lib/assertions/to-exist/to-exist.ts": "acf49727f12b3fa697e639c15d18a8b6da519b3013c3e905aae3f7c36d861aed",
    "https://deno.land/x/testjs@v0.3.1/lib/assertions/to-match-object/to-match-object.ts": "b0f86b3787cad0d796cebbd8ca3f1872c36b96767ec1ef93533fdd0b99cb4e36",
    "https://deno.land/x/testjs@v0.3.1/lib/assertions/to-match/to-match.ts": "f963a11be3c302181ba4e63c67553d8c8f24679efd0a7676faf889c90636de87",
    "https://deno.land/x/testjs@v0.3.1/lib/assertions/to-reject/to-reject.ts": "0437ee0ab9500aefce680637fcbb1c9b0e8e7f238c6eee95fce7e7d54d90ed02",
    "https://deno.land/x/testjs@v0.3.1/lib/assertions/to-throw/to-throw.ts": "521d6c6cd745f1286de03b9de8341286ec24d59eb4093dfb1135bf9b2e32f2bf",
    "https://deno.land/x/testjs@v0.3.1/lib/assertions/use-deno-assertion/use-deno-assertion.ts": "7b403fe34fb230aefb4e9cefa7afaaa62cd85466f78d8c535da1a55311ecd553",
    "https://deno.land/x/testjs@v0.3.1/lib/deps.ts": "9ae0485ea6d16a78a1d6aacacd8409891550f824183ede00eb3d387f4376e3a9",
    "https://deno.land/x/testjs@v0.3.1/lib/expectation/expectation.ts": "31a6ba40001a1bf19ba43de6a3b37b8a872159dc5c5d164a6081c711dcf7121a",
    "https://deno.land/x/testjs@v0.3.1/lib/module/module.ts": "2ac5a617701f648d5a863e9c6ae15c5177a4fd6e3ee99c7e84f1a963be43d84a",
    "https://deno.land/x/testjs@v0.3.1/lib/package/package.ts": "fd153619007ed6ea8ee1309c514c31f4af972fb426e54e20f733823b49a91c18",
    "https://deno.land/x/testjs@v0.3.1/lib/run-tests/get-paths.ts": "a5099be4f7a7ac53a4f768e682cadde41e6bcadc90fe1fe48dfe2894c7ddf623",
    "https://deno.land/x/testjs@v0.3.1/lib/run-tests/run-tests.ts": "74be3e7dc373bb8cdb690848b6b7c98762cbad211c3820a88df597a6f2fbdcdb",
    "https://deno.land/x/testjs@v0.3.1/lib/step/step.ts": "37463b8dd408b9da18d36be3ad349f662f5a2540ceaa31410ec18b3b3b5f3266",
    "https://deno.land/x/testjs@v0.3.1/lib/suite/suite.ts": "55277afbbfe45d78abe969710ba1f2d4d57c67d8fbd7937f05442638789c2a8e",
    "https://deno.land/x/testjs@v0.3.1/lib/types/test.types.ts": "5621f0a264918f3060a421135528940108907f70219399730e54fd80638e7d45",
    "https://deno.land/x/testjs@v0.3.1/lib/types/utils.types.ts": "bd9fbc6d0a982fcb82a43b437ba30021461f7d52defd833207c808e15683cedc",
    "https://deno.land/x/testjs@v0.3.1/lib/utils/constants.ts": "23880ee2290df5606c79ceef3e78d8c35e2d403ecc8094b7b017f4be69d65b75",
    "https://deno.land/x/testjs@v0.3.1/lib/utils/count.ts": "e00468e3de1a440843c7de5c61ada61682f74034bf5ae5d264894ca4b84e8b83",
    "https://deno.land/x/testjs@v0.3.1/lib/utils/finish.ts": "e22a13bc313d39d41da06c43cada8aa3d48c33ee08a1e5450125d2e137a2f082",
    "https://deno.land/x/testjs@v0.3.1/lib/utils/functions.ts": "876ce73422fdcc65cb1337fba7e1169a8bd52146e6eaa5910009b3e08f5f88f8",
    "https://deno.land/x/testjs@v0.3.1/lib/utils/passed.ts": "4173513050e1d8068483bba7064b74d52756dbd3abfad82813f6a697941db22d",
    "https://deno.land/x/testjs@v0.3.1/lib/utils/print.ts": "7a17141c263de4ce7ce9e8422eb4a7b9239fbe5c6fa45c54fab4e59597fb79bd",
    "https://deno.land/x/testjs@v0.3.1/lib/utils/time.ts": "99a17150786ae60439222e553c48bece51bd3a0d04b71bd9051391d523825b5f",
    "https://deno.land/x/testjs@v0.3.1/lib/utils/to-string.ts": "76e3ca166e377724cf812af51383309dd73c53c4e73adf961923e91fa3d53be3",
    "https://deno.land/x/testjs@v0.3.1/mod.ts": "fbc961ceebc5f917db4d45a579c1447325a201a3804d405926fe1e846fb16619"
  }
}
